
Microsoft Visual Studio Solution File, Format Version 12.00
Project("{FAE04EC0-301F-11D3-BF4B-00C04F79EFBC}") = "AutomationTask", "AutomationTask\AutomationTask.csproj", "{9FE18E93-840E-437C-8959-5E6168C89DDC}"
EndProject
Global
	GlobalSection(SolutionConfigurationPlatforms) = preSolution
		Debug|Any CPU = Debug|Any CPU
		Release|Any CPU = Release|Any CPU
	EndGlobalSection
	GlobalSection(ProjectConfigurationPlatforms) = postSolution
		{9FE18E93-840E-437C-8959-5E6168C89DDC}.Debug|Any CPU.ActiveCfg = Debug|Any CPU
		{9FE18E93-840E-437C-8959-5E6168C89DDC}.Debug|Any CPU.Build.0 = Debug|Any CPU
		{9FE18E93-840E-437C-8959-5E6168C89DDC}.Release|Any CPU.ActiveCfg = Release|Any CPU
		{9FE18E93-840E-437C-8959-5E6168C89DDC}.Release|Any CPU.Build.0 = Release|Any CPU
	EndGlobalSection
EndGlobal
